// !$*UTF8*$!
{
	archiveVersion = 1;
	classes = {
	};
	objectVersion = 50;
	objects = {

/* Begin PBXBuildFile section */
		906B296B7EF8BED2CCC703F7 /* Pods_PostsJSON.framework in Frameworks */ = {isa = PBXBuildFile; fileRef = 9434C2A79A0CEBCC3A785C9B /* Pods_PostsJSON.framework */; };
		FA7103E526C2A6C100ED8FE5 /* NetworkManager.swift in Sources */ = {isa = PBXBuildFile; fileRef = FA7103E426C2A6C100ED8FE5 /* NetworkManager.swift */; };
		FAECF5A826BFC2F400CFC9CD /* AppDelegate.swift in Sources */ = {isa = PBXBuildFile; fileRef = FAECF5A726BFC2F400CFC9CD /* AppDelegate.swift */; };
		FAECF5AA26BFC2F400CFC9CD /* SceneDelegate.swift in Sources */ = {isa = PBXBuildFile; fileRef = FAECF5A926BFC2F400CFC9CD /* SceneDelegate.swift */; };
		FAECF5AF26BFC2F400CFC9CD /* Main.storyboard in Resources */ = {isa = PBXBuildFile; fileRef = FAECF5AD26BFC2F400CFC9CD /* Main.storyboard */; };
		FAECF5B126BFC2F900CFC9CD /* Assets.xcassets in Resources */ = {isa = PBXBuildFile; fileRef = FAECF5B026BFC2F900CFC9CD /* Assets.xcassets */; };
		FAECF5B426BFC2F900CFC9CD /* LaunchScreen.storyboard in Resources */ = {isa = PBXBuildFile; fileRef = FAECF5B226BFC2F900CFC9CD /* LaunchScreen.storyboard */; };
		FAECF5BC26BFC30F00CFC9CD /* Post.swift in Sources */ = {isa = PBXBuildFile; fileRef = FAECF5BB26BFC30F00CFC9CD /* Post.swift */; };
		FAECF5BE26BFC65A00CFC9CD /* PostsTableViewController.swift in Sources */ = {isa = PBXBuildFile; fileRef = FAECF5BD26BFC65A00CFC9CD /* PostsTableViewController.swift */; };
		FAECF5C026BFC73500CFC9CD /* DetailViewController.swift in Sources */ = {isa = PBXBuildFile; fileRef = FAECF5BF26BFC73500CFC9CD /* DetailViewController.swift */; };
		FAECF5C226C0362C00CFC9CD /* PostCell.swift in Sources */ = {isa = PBXBuildFile; fileRef = FAECF5C126C0362C00CFC9CD /* PostCell.swift */; };
		FAECF5C426C03BCC00CFC9CD /* ViewController.swift in Sources */ = {isa = PBXBuildFile; fileRef = FAECF5C326C03BCC00CFC9CD /* ViewController.swift */; };
/* End PBXBuildFile section */

/* Begin PBXFileReference section */
		3BB90AD2F28F054D00CD4806 /* Pods-PostsJSON.debug.xcconfig */ = {isa = PBXFileReference; includeInIndex = 1; lastKnownFileType = text.xcconfig; name = "Pods-PostsJSON.debug.xcconfig"; path = "Target Support Files/Pods-PostsJSON/Pods-PostsJSON.debug.xcconfig"; sourceTree = "<group>"; };
		9434C2A79A0CEBCC3A785C9B /* Pods_PostsJSON.framework */ = {isa = PBXFileReference; explicitFileType = wrapper.framework; includeInIndex = 0; path = Pods_PostsJSON.framework; sourceTree = BUILT_PRODUCTS_DIR; };
		98003BDCAE09D0540BDEAD40 /* Pods-PostsJSON.release.xcconfig */ = {isa = PBXFileReference; includeInIndex = 1; lastKnownFileType = text.xcconfig; name = "Pods-PostsJSON.release.xcconfig"; path = "Target Support Files/Pods-PostsJSON/Pods-PostsJSON.release.xcconfig"; sourceTree = "<group>"; };
		FA7103E426C2A6C100ED8FE5 /* NetworkManager.swift */ = {isa = PBXFileReference; lastKnownFileType = sourcecode.swift; path = NetworkManager.swift; sourceTree = "<group>"; };
		FAECF5A426BFC2F300CFC9CD /* PostsJSON.app */ = {isa = PBXFileReference; explicitFileType = wrapper.application; includeInIndex = 0; path = PostsJSON.app; sourceTree = BUILT_PRODUCTS_DIR; };
		FAECF5A726BFC2F400CFC9CD /* AppDelegate.swift */ = {isa = PBXFileReference; lastKnownFileType = sourcecode.swift; path = AppDelegate.swift; sourceTree = "<group>"; };
		FAECF5A926BFC2F400CFC9CD /* SceneDelegate.swift */ = {isa = PBXFileReference; lastKnownFileType = sourcecode.swift; path = SceneDelegate.swift; sourceTree = "<group>"; };
		FAECF5AE26BFC2F400CFC9CD /* Base */ = {isa = PBXFileReference; lastKnownFileType = file.storyboard; name = Base; path = Base.lproj/Main.storyboard; sourceTree = "<group>"; };
		FAECF5B026BFC2F900CFC9CD /* Assets.xcassets */ = {isa = PBXFileReference; lastKnownFileType = folder.assetcatalog; path = Assets.xcassets; sourceTree = "<group>"; };
		FAECF5B326BFC2F900CFC9CD /* Base */ = {isa = PBXFileReference; lastKnownFileType = file.storyboard; name = Base; path = Base.lproj/LaunchScreen.storyboard; sourceTree = "<group>"; };
		FAECF5B526BFC2F900CFC9CD /* Info.plist */ = {isa = PBXFileReference; lastKnownFileType = text.plist.xml; path = Info.plist; sourceTree = "<group>"; };
		FAECF5BB26BFC30F00CFC9CD /* Post.swift */ = {isa = PBXFileReference; lastKnownFileType = sourcecode.swift; path = Post.swift; sourceTree = "<group>"; };
		FAECF5BD26BFC65A00CFC9CD /* PostsTableViewController.swift */ = {isa = PBXFileReference; lastKnownFileType = sourcecode.swift; path = PostsTableViewController.swift; sourceTree = "<group>"; };
		FAECF5BF26BFC73500CFC9CD /* DetailViewController.swift */ = {isa = PBXFileReference; lastKnownFileType = sourcecode.swift; path = DetailViewController.swift; sourceTree = "<group>"; };
		FAECF5C126C0362C00CFC9CD /* PostCell.swift */ = {isa = PBXFileReference; lastKnownFileType = sourcecode.swift; path = PostCell.swift; sourceTree = "<group>"; };
		FAECF5C326C03BCC00CFC9CD /* ViewController.swift */ = {isa = PBXFileReference; fileEncoding = 4; lastKnownFileType = sourcecode.swift; path = ViewController.swift; sourceTree = "<group>"; };
/* End PBXFileReference section */

/* Begin PBXFrameworksBuildPhase section */
		FAECF5A126BFC2F300CFC9CD /* Frameworks */ = {
			isa = PBXFrameworksBuildPhase;
			buildActionMask = 2147483647;
			files = (
				906B296B7EF8BED2CCC703F7 /* Pods_PostsJSON.framework in Frameworks */,
			);
			runOnlyForDeploymentPostprocessing = 0;
		};
/* End PBXFrameworksBuildPhase section */

/* Begin PBXGroup section */
		555266BBD67558F86A0314C9 /* Pods */ = {
			isa = PBXGroup;
			children = (
				3BB90AD2F28F054D00CD4806 /* Pods-PostsJSON.debug.xcconfig */,
				98003BDCAE09D0540BDEAD40 /* Pods-PostsJSON.release.xcconfig */,
			);
			name = Pods;
			path = Pods;
			sourceTree = "<group>";
		};
		7555A60A1E34F0C9EF0B7E30 /* Frameworks */ = {
			isa = PBXGroup;
			children = (
				9434C2A79A0CEBCC3A785C9B /* Pods_PostsJSON.framework */,
			);
			name = Frameworks;
			sourceTree = "<group>";
		};
		FAECF59B26BFC2F300CFC9CD = {
			isa = PBXGroup;
			children = (
				FAECF5C526C04C0600CFC9CD /* Model */,
				FAECF5A626BFC2F300CFC9CD /* PostsJSON */,
				FAECF5A526BFC2F300CFC9CD /* Products */,
				555266BBD67558F86A0314C9 /* Pods */,
				7555A60A1E34F0C9EF0B7E30 /* Frameworks */,
			);
			sourceTree = "<group>";
		};
		FAECF5A526BFC2F300CFC9CD /* Products */ = {
			isa = PBXGroup;
			children = (
				FAECF5A426BFC2F300CFC9CD /* PostsJSON.app */,
			);
			name = Products;
			sourceTree = "<group>";
		};
		FAECF5A626BFC2F300CFC9CD /* PostsJSON */ = {
			isa = PBXGroup;
			children = (
				FAECF5A726BFC2F400CFC9CD /* AppDelegate.swift */,
				FAECF5A926BFC2F400CFC9CD /* SceneDelegate.swift */,
				FAECF5AD26BFC2F400CFC9CD /* Main.storyboard */,
				FA7103E426C2A6C100ED8FE5 /* NetworkManager.swift */,
				FAECF5C626C04C2700CFC9CD /* ViewController */,
				FAECF5B026BFC2F900CFC9CD /* Assets.xcassets */,
				FAECF5B226BFC2F900CFC9CD /* LaunchScreen.storyboard */,
				FAECF5B526BFC2F900CFC9CD /* Info.plist */,
			);
			path = PostsJSON;
			sourceTree = "<group>";
		};
		FAECF5C526C04C0600CFC9CD /* Model */ = {
			isa = PBXGroup;
			children = (
				FAECF5BB26BFC30F00CFC9CD /* Post.swift */,
			);
			path = Model;
			sourceTree = "<group>";
		};
		FAECF5C626C04C2700CFC9CD /* ViewController */ = {
			isa = PBXGroup;
			children = (
				FAECF5C326C03BCC00CFC9CD /* ViewController.swift */,
				FAECF5BF26BFC73500CFC9CD /* DetailViewController.swift */,
				FAECF5BD26BFC65A00CFC9CD /* PostsTableViewController.swift */,
				FAECF5C126C0362C00CFC9CD /* PostCell.swift */,
			);
			path = ViewController;
			sourceTree = "<group>";
		};
/* End PBXGroup section */

/* Begin PBXNativeTarget section */
		FAECF5A326BFC2F300CFC9CD /* PostsJSON */ = {
			isa = PBXNativeTarget;
			buildConfigurationList = FAECF5B826BFC2F900CFC9CD /* Build configuration list for PBXNativeTarget "PostsJSON" */;
			buildPhases = (
				2BFF1D47F1ACD1725DC28C4E /* [CP] Check Pods Manifest.lock */,
				FAECF5A026BFC2F300CFC9CD /* Sources */,
				FAECF5A126BFC2F300CFC9CD /* Frameworks */,
				FAECF5A226BFC2F300CFC9CD /* Resources */,
				D2DB1D4B5A7D11B3BCE05385 /* [CP] Embed Pods Frameworks */,
			);
			buildRules = (
			);
			dependencies = (
			);
			name = PostsJSON;
			productName = PostsJSON;
			productReference = FAECF5A426BFC2F300CFC9CD /* PostsJSON.app */;
			productType = "com.apple.product-type.application";
		};
/* End PBXNativeTarget section */

/* Begin PBXProject section */
		FAECF59C26BFC2F300CFC9CD /* Project object */ = {
			isa = PBXProject;
			attributes = {
				LastSwiftUpdateCheck = 1250;
				LastUpgradeCheck = 1250;
				TargetAttributes = {
					FAECF5A326BFC2F300CFC9CD = {
						CreatedOnToolsVersion = 12.5.1;
					};
				};
			};
			buildConfigurationList = FAECF59F26BFC2F300CFC9CD /* Build configuration list for PBXProject "PostsJSON" */;
			compatibilityVersion = "Xcode 9.3";
			developmentRegion = en;
			hasScannedForEncodings = 0;
			knownRegions = (
				en,
				Base,
			);
			mainGroup = FAECF59B26BFC2F300CFC9CD;
			productRefGroup = FAECF5A526BFC2F300CFC9CD /* Products */;
			projectDirPath = "";
			projectRoot = "";
			targets = (
				FAECF5A326BFC2F300CFC9CD /* PostsJSON */,
			);
		};
/* End PBXProject section */

/* Begin PBXResourcesBuildPhase section */
		FAECF5A226BFC2F300CFC9CD /* Resources */ = {
			isa = PBXResourcesBuildPhase;
			buildActionMask = 2147483647;
			files = (
				FAECF5B426BFC2F900CFC9CD /* LaunchScreen.storyboard in Resources */,
				FAECF5B126BFC2F900CFC9CD /* Assets.xcassets in Resources */,
				FAECF5AF26BFC2F400CFC9CD /* Main.storyboard in Resources */,
			);
			runOnlyForDeploymentPostprocessing = 0;
		};
/* End PBXResourcesBuildPhase section */

/* Begin PBXShellScriptBuildPhase section */
		2BFF1D47F1ACD1725DC28C4E /* [CP] Check Pods Manifest.lock */ = {
			isa = PBXShellScriptBuildPhase;
			buildActionMask = 2147483647;
			files = (
			);
			inputFileListPaths = (
			);
			inputPaths = (
				"${PODS_PODFILE_DIR_PATH}/Podfile.lock",
				"${PODS_ROOT}/Manifest.lock",
			);
			name = "[CP] Check Pods Manifest.lock";
			outputFileListPaths = (
			);
			outputPaths = (
				"$(DERIVED_FILE_DIR)/Pods-PostsJSON-checkManifestLockResult.txt",
			);
			runOnlyForDeploymentPostprocessing = 0;
			shellPath = /bin/sh;
			shellScript = "diff \"${PODS_PODFILE_DIR_PATH}/Podfile.lock\" \"${PODS_ROOT}/Manifest.lock\" > /dev/null\nif [ $? != 0 ] ; then\n    # print error to STDERR\n    echo \"error: The sandbox is not in sync with the Podfile.lock. Run 'pod install' or update your CocoaPods installation.\" >&2\n    exit 1\nfi\n# This output is used by Xcode 'outputs' to avoid re-running this script phase.\necho \"SUCCESS\" > \"${SCRIPT_OUTPUT_FILE_0}\"\n";
			showEnvVarsInLog = 0;
		};
		D2DB1D4B5A7D11B3BCE05385 /* [CP] Embed Pods Frameworks */ = {
			isa = PBXShellScriptBuildPhase;
			buildActionMask = 2147483647;
			files = (
			);
			inputFileListPaths = (
				"${PODS_ROOT}/Target Support Files/Pods-PostsJSON/Pods-PostsJSON-frameworks-${CONFIGURATION}-input-files.xcfilelist",
			);
			name = "[CP] Embed Pods Frameworks";
			outputFileListPaths = (
				"${PODS_ROOT}/Target Support Files/Pods-PostsJSON/Pods-PostsJSON-frameworks-${CONFIGURATION}-output-files.xcfilelist",
			);
			runOnlyForDeploymentPostprocessing = 0;
			shellPath = /bin/sh;
			shellScript = "\"${PODS_ROOT}/Target Support Files/Pods-PostsJSON/Pods-PostsJSON-frameworks.sh\"\n";
			showEnvVarsInLog = 0;
		};
/* End PBXShellScriptBuildPhase section */

/* Begin PBXSourcesBuildPhase section */
		FAECF5A026BFC2F300CFC9CD /* Sources */ = {
			isa = PBXSourcesBuildPhase;
			buildActionMask = 2147483647;
			files = (
				FAECF5C226C0362C00CFC9CD /* PostCell.swift in Sources */,
				FAECF5A826BFC2F400CFC9CD /* AppDelegate.swift in Sources */,
				FAECF5AA26BFC2F400CFC9CD /* SceneDelegate.swift in Sources */,
				FAECF5C026BFC73500CFC9CD /* DetailViewController.swift in Sources */,
				FA7103E526C2A6C100ED8FE5 /* NetworkManager.swift in Sources */,
				FAECF5C426C03BCC00CFC9CD /* ViewController.swift in Sources */,
				FAECF5BC26BFC30F00CFC9CD /* Post.swift in Sources */,
				FAECF5BE26BFC65A00CFC9CD /* PostsTableViewController.swift in Sources */,
			);
			runOnlyForDeploymentPostprocessing = 0;
		};
/* End PBXSourcesBuildPhase section */

/* Begin PBXVariantGroup section */
		FAECF5AD26BFC2F400CFC9CD /* Main.storyboard */ = {
			isa = PBXVariantGroup;
			children = (
				FAECF5AE26BFC2F400CFC9CD /* Base */,
			);
			name = Main.storyboard;
			sourceTree = "<group>";
		};
		FAECF5B226BFC2F900CFC9CD /* LaunchScreen.storyboard */ = {
			isa = PBXVariantGroup;
			children = (
				FAECF5B326BFC2F900CFC9CD /* Base */,
			);
			name = LaunchScreen.storyboard;
			sourceTree = "<group>";
		};
/* End PBXVariantGroup section */

/* Begin XCBuildConfiguration section */
		FAECF5B626BFC2F900CFC9CD /* Debug */ = {
			isa = XCBuildConfiguration;
			buildSettings = {
				ALWAYS_SEARCH_USER_PATHS = NO;
				CLANG_ANALYZER_NONNULL = YES;
				CLANG_ANALYZER_NUMBER_OBJECT_CONVERSION = YES_AGGRESSIVE;
				CLANG_CXX_LANGUAGE_STANDARD = "gnu++14";
				CLANG_CXX_LIBRARY = "libc++";
				CLANG_ENABLE_MODULES = YES;
				CLANG_ENABLE_OBJC_ARC = YES;
				CLANG_ENABLE_OBJC_WEAK = YES;
				CLANG_WARN_BLOCK_CAPTURE_AUTORELEASING = YES;
				CLANG_WARN_BOOL_CONVERSION = YES;
				CLANG_WARN_COMMA = YES;
				CLANG_WARN_CONSTANT_CONVERSION = YES;
				CLANG_WARN_DEPRECATED_OBJC_IMPLEMENTATIONS = YES;
				CLANG_WARN_DIRECT_OBJC_ISA_USAGE = YES_ERROR;
				CLANG_WARN_DOCUMENTATION_COMMENTS = YES;
				CLANG_WARN_EMPTY_BODY = YES;
				CLANG_WARN_ENUM_CONVERSION = YES;
				CLANG_WARN_INFINITE_RECURSION = YES;
				CLANG_WARN_INT_CONVERSION = YES;
				CLANG_WARN_NON_LITERAL_NULL_CONVERSION = YES;
				CLANG_WARN_OBJC_IMPLICIT_RETAIN_SELF = YES;
				CLANG_WARN_OBJC_LITERAL_CONVERSION = YES;
				CLANG_WARN_OBJC_ROOT_CLASS = YES_ERROR;
				CLANG_WARN_QUOTED_INCLUDE_IN_FRAMEWORK_HEADER = YES;
				CLANG_WARN_RANGE_LOOP_ANALYSIS = YES;
				CLANG_WARN_STRICT_PROTOTYPES = YES;
				CLANG_WARN_SUSPICIOUS_MOVE = YES;
				CLANG_WARN_UNGUARDED_AVAILABILITY = YES_AGGRESSIVE;
				CLANG_WARN_UNREACHABLE_CODE = YES;
				CLANG_WARN__DUPLICATE_METHOD_MATCH = YES;
				COPY_PHASE_STRIP = NO;
				DEBUG_INFORMATION_FORMAT = dwarf;
				ENABLE_STRICT_OBJC_MSGSEND = YES;
				ENABLE_TESTABILITY = YES;
				GCC_C_LANGUAGE_STANDARD = gnu11;
				GCC_DYNAMIC_NO_PIC = NO;
				GCC_NO_COMMON_BLOCKS = YES;
				GCC_OPTIMIZATION_LEVEL = 0;
				GCC_PREPROCESSOR_DEFINITIONS = (
					"DEBUG=1",
					"$(inherited)",
				);
				GCC_WARN_64_TO_32_BIT_CONVERSION = YES;
				GCC_WARN_ABOUT_RETURN_TYPE = YES_ERROR;
				GCC_WARN_UNDECLARED_SELECTOR = YES;
				GCC_WARN_UNINITIALIZED_AUTOS = YES_AGGRESSIVE;
				GCC_WARN_UNUSED_FUNCTION = YES;
				GCC_WARN_UNUSED_VARIABLE = YES;
				IPHONEOS_DEPLOYMENT_TARGET = 14.5;
				MTL_ENABLE_DEBUG_INFO = INCLUDE_SOURCE;
				MTL_FAST_MATH = YES;
				ONLY_ACTIVE_ARCH = YES;
				SDKROOT = iphoneos;
				SWIFT_ACTIVE_COMPILATION_CONDITIONS = DEBUG;
				SWIFT_OPTIMIZATION_LEVEL = "-Onone";
			};
			name = Debug;
		};
		FAECF5B726BFC2F900CFC9CD /* Release */ = {
			isa = XCBuildConfiguration;
			buildSettings = {
				ALWAYS_SEARCH_USER_PATHS = NO;
				CLANG_ANALYZER_NONNULL = YES;
				CLANG_ANALYZER_NUMBER_OBJECT_CONVERSION = YES_AGGRESSIVE;
				CLANG_CXX_LANGUAGE_STANDARD = "gnu++14";
				CLANG_CXX_LIBRARY = "libc++";
				CLANG_ENABLE_MODULES = YES;
				CLANG_ENABLE_OBJC_ARC = YES;
				CLANG_ENABLE_OBJC_WEAK = YES;
				CLANG_WARN_BLOCK_CAPTURE_AUTORELEASING = YES;
				CLANG_WARN_BOOL_CONVERSION = YES;
				CLANG_WARN_COMMA = YES;
				CLANG_WARN_CONSTANT_CONVERSION = YES;
				CLANG_WARN_DEPRECATED_OBJC_IMPLEMENTATIONS = YES;
				CLANG_WARN_DIRECT_OBJC_ISA_USAGE = YES_ERROR;
				CLANG_WARN_DOCUMENTATION_COMMENTS = YES;
				CLANG_WARN_EMPTY_BODY = YES;
				CLANG_WARN_ENUM_CONVERSION = YES;
				CLANG_WARN_INFINITE_RECURSION = YES;
				CLANG_WARN_INT_CONVERSION = YES;
				CLANG_WARN_NON_LITERAL_NULL_CONVERSION = YES;
				CLANG_WARN_OBJC_IMPLICIT_RETAIN_SELF = YES;
				CLANG_WARN_OBJC_LITERAL_CONVERSION = YES;
				CLANG_WARN_OBJC_ROOT_CLASS = YES_ERROR;
				CLANG_WARN_QUOTED_INCLUDE_IN_FRAMEWORK_HEADER = YES;
				CLANG_WARN_RANGE_LOOP_ANALYSIS = YES;
				CLANG_WARN_STRICT_PROTOTYPES = YES;
				CLANG_WARN_SUSPICIOUS_MOVE = YES;
				CLANG_WARN_UNGUARDED_AVAILABILITY = YES_AGGRESSIVE;
				CLANG_WARN_UNREACHABLE_CODE = YES;
				CLANG_WARN__DUPLICATE_METHOD_MATCH = YES;
				COPY_PHASE_STRIP = NO;
				DEBUG_INFORMATION_FORMAT = "dwarf-with-dsym";
				ENABLE_NS_ASSERTIONS = NO;
				ENABLE_STRICT_OBJC_MSGSEND = YES;
				GCC_C_LANGUAGE_STANDARD = gnu11;
				GCC_NO_COMMON_BLOCKS = YES;
				GCC_WARN_64_TO_32_BIT_CONVERSION = YES;
				GCC_WARN_ABOUT_RETURN_TYPE = YES_ERROR;
				GCC_WARN_UNDECLARED_SELECTOR = YES;
				GCC_WARN_UNINITIALIZED_AUTOS = YES_AGGRESSIVE;
				GCC_WARN_UNUSED_FUNCTION = YES;
				GCC_WARN_UNUSED_VARIABLE = YES;
				IPHONEOS_DEPLOYMENT_TARGET = 14.5;
				MTL_ENABLE_DEBUG_INFO = NO;
				MTL_FAST_MATH = YES;
				SDKROOT = iphoneos;
				SWIFT_COMPILATION_MODE = wholemodule;
				SWIFT_OPTIMIZATION_LEVEL = "-O";
				VALIDATE_PRODUCT = YES;
			};
			name = Release;
		};
		FAECF5B926BFC2F900CFC9CD /* Debug */ = {
			isa = XCBuildConfiguration;
			baseConfigurationReference = 3BB90AD2F28F054D00CD4806 /* Pods-PostsJSON.debug.xcconfig */;
			buildSettings = {
				ASSETCATALOG_COMPILER_APPICON_NAME = AppIcon;
				ASSETCATALOG_COMPILER_GLOBAL_ACCENT_COLOR_NAME = AccentColor;
				CODE_SIGN_STYLE = Automatic;
				DEVELOPMENT_TEAM = S3TXMX6C6U;
				INFOPLIST_FILE = PostsJSON/Info.plist;
				LD_RUNPATH_SEARCH_PATHS = (
					"$(inherited)",
					"@executable_path/Frameworks",
				);
				PRODUCT_BUNDLE_IDENTIFIER = com.karpinetsalexander.PostsJSON;
				PRODUCT_NAME = "$(TARGET_NAME)";
				SWIFT_VERSION = 5.0;
				TARGETED_DEVICE_FAMILY = "1,2";
			};
			name = Debug;
		};
		FAECF5BA26BFC2F900CFC9CD /* Release */ = {
			isa = XCBuildConfiguration;
			baseConfigurationReference = 98003BDCAE09D0540BDEAD40 /* Pods-PostsJSON.release.xcconfig */;
			buildSettings = {
				ASSETCATALOG_COMPILER_APPICON_NAME = AppIcon;
				ASSETCATALOG_COMPILER_GLOBAL_ACCENT_COLOR_NAME = AccentColor;
				CODE_SIGN_STYLE = Automatic;
				DEVELOPMENT_TEAM = S3TXMX6C6U;
				INFOPLIST_FILE = PostsJSON/Info.plist;
				LD_RUNPATH_SEARCH_PATHS = (
					"$(inherited)",
					"@executable_path/Frameworks",
				);
				PRODUCT_BUNDLE_IDENTIFIER = com.karpinetsalexander.PostsJSON;
				PRODUCT_NAME = "$(TARGET_NAME)";
				SWIFT_VERSION = 5.0;
				TARGETED_DEVICE_FAMILY = "1,2";
			};
			name = Release;
		};
/* End XCBuildConfiguration section */

/* Begin XCConfigurationList section */
		FAECF59F26BFC2F300CFC9CD /* Build configuration list for PBXProject "PostsJSON" */ = {
			isa = XCConfigurationList;
			buildConfigurations = (
				FAECF5B626BFC2F900CFC9CD /* Debug */,
				FAECF5B726BFC2F900CFC9CD /* Release */,
			);
			defaultConfigurationIsVisible = 0;
			defaultConfigurationName = Release;
		};
		FAECF5B826BFC2F900CFC9CD /* Build configuration list for PBXNativeTarget "PostsJSON" */ = {
			isa = XCConfigurationList;
			buildConfigurations = (
				FAECF5B926BFC2F900CFC9CD /* Debug */,
				FAECF5BA26BFC2F900CFC9CD /* Release */,
			);
			defaultConfigurationIsVisible = 0;
			defaultConfigurationName = Release;
		};
/* End XCConfigurationList section */
	};
	rootObject = FAECF59C26BFC2F300CFC9CD /* Project object */;
}
